
Microsoft Visual Studio Solution File, Format Version 12.00
# Visual Studio Version 17
VisualStudioVersion = 17.6.33815.320
MinimumVisualStudioVersion = 10.0.40219.1
Project("{9A19103F-16F7-4668-BE54-9A1E7A4F7556}") = "PizzaPan.EntityLayer", "PizzaPan.EntityLayer\PizzaPan.EntityLayer.csproj", "{F16C5CA1-CCEB-40E1-AFE2-D911377B33A2}"
EndProject
Project("{9A19103F-16F7-4668-BE54-9A1E7A4F7556}") = "Pizzapan.DataAccessLayer", "Pizzapan.DataAccessLayer\Pizzapan.DataAccessLayer.csproj", "{2705EFA4-E28B-4AD9-8AB6-1E55FE75A320}"
EndProject
Project("{9A19103F-16F7-4668-BE54-9A1E7A4F7556}") = "Pizzapan.PresentationLayer", "Pizzapan.PresLayer\Pizzapan.PresentationLayer.csproj", "{C858657A-BE43-4E9B-BD60-C652B101665E}"
EndProject
Project("{9A19103F-16F7-4668-BE54-9A1E7A4F7556}") = "Pizzapan.BusinessLayer", "Pizzapan.BusinessLayer\Pizzapan.BusinessLayer.csproj", "{5A84C3E4-D4FA-42AC-849E-322F3165BBB9}"
EndProject
Global
	GlobalSection(SolutionConfigurationPlatforms) = preSolution
		Debug|Any CPU = Debug|Any CPU
		Release|Any CPU = Release|Any CPU
	EndGlobalSection
	GlobalSection(ProjectConfigurationPlatforms) = postSolution
		{F16C5CA1-CCEB-40E1-AFE2-D911377B33A2}.Debug|Any CPU.ActiveCfg = Debug|Any CPU
		{F16C5CA1-CCEB-40E1-AFE2-D911377B33A2}.Debug|Any CPU.Build.0 = Debug|Any CPU
		{F16C5CA1-CCEB-40E1-AFE2-D911377B33A2}.Release|Any CPU.ActiveCfg = Release|Any CPU
		{F16C5CA1-CCEB-40E1-AFE2-D911377B33A2}.Release|Any CPU.Build.0 = Release|Any CPU
		{2705EFA4-E28B-4AD9-8AB6-1E55FE75A320}.Debug|Any CPU.ActiveCfg = Debug|Any CPU
		{2705EFA4-E28B-4AD9-8AB6-1E55FE75A320}.Debug|Any CPU.Build.0 = Debug|Any CPU
		{2705EFA4-E28B-4AD9-8AB6-1E55FE75A320}.Release|Any CPU.ActiveCfg = Release|Any CPU
		{2705EFA4-E28B-4AD9-8AB6-1E55FE75A320}.Release|Any CPU.Build.0 = Release|Any CPU
		{C858657A-BE43-4E9B-BD60-C652B101665E}.Debug|Any CPU.ActiveCfg = Debug|Any CPU
		{C858657A-BE43-4E9B-BD60-C652B101665E}.Debug|Any CPU.Build.0 = Debug|Any CPU
		{C858657A-BE43-4E9B-BD60-C652B101665E}.Release|Any CPU.ActiveCfg = Release|Any CPU
		{C858657A-BE43-4E9B-BD60-C652B101665E}.Release|Any CPU.Build.0 = Release|Any CPU
		{5A84C3E4-D4FA-42AC-849E-322F3165BBB9}.Debug|Any CPU.ActiveCfg = Debug|Any CPU
		{5A84C3E4-D4FA-42AC-849E-322F3165BBB9}.Debug|Any CPU.Build.0 = Debug|Any CPU
		{5A84C3E4-D4FA-42AC-849E-322F3165BBB9}.Release|Any CPU.ActiveCfg = Release|Any CPU
		{5A84C3E4-D4FA-42AC-849E-322F3165BBB9}.Release|Any CPU.Build.0 = Release|Any CPU
	EndGlobalSection
	GlobalSection(SolutionProperties) = preSolution
		HideSolutionNode = FALSE
	EndGlobalSection
	GlobalSection(ExtensibilityGlobals) = postSolution
		SolutionGuid = {C2D196EF-1118-4A69-8544-C7557F807603}
	EndGlobalSection
EndGlobal
